
Microsoft Visual Studio Solution File, Format Version 12.00
# Visual Studio Version 17
VisualStudioVersion = 17.5.33627.172
MinimumVisualStudioVersion = 10.0.40219.1
Project("{FAE04EC0-301F-11D3-BF4B-00C04F79EFBC}") = "HuffmanCode", "HuffmanCode.csproj", "{C698C7F5-99F7-4B1A-B292-746163AB098E}"
EndProject
Global
	GlobalSection(SolutionConfigurationPlatforms) = preSolution
		Debug|Any CPU = Debug|Any CPU
		Release|Any CPU = Release|Any CPU
	EndGlobalSection
	GlobalSection(ProjectConfigurationPlatforms) = postSolution
		{C698C7F5-99F7-4B1A-B292-746163AB098E}.Debug|Any CPU.ActiveCfg = Debug|Any CPU
		{C698C7F5-99F7-4B1A-B292-746163AB098E}.Debug|Any CPU.Build.0 = Debug|Any CPU
		{C698C7F5-99F7-4B1A-B292-746163AB098E}.Release|Any CPU.ActiveCfg = Release|Any CPU
		{C698C7F5-99F7-4B1A-B292-746163AB098E}.Release|Any CPU.Build.0 = Release|Any CPU
	EndGlobalSection
	GlobalSection(SolutionProperties) = preSolution
		HideSolutionNode = FALSE
	EndGlobalSection
	GlobalSection(ExtensibilityGlobals) = postSolution
		SolutionGuid = {7A784B02-3B47-40D9-A6F1-FEEBA7970D4F}
	EndGlobalSection
EndGlobal
